
Microsoft Visual Studio Solution File, Format Version 12.00
# Visual Studio Version 17
VisualStudioVersion = 17.1.32328.378
MinimumVisualStudioVersion = 10.0.40219.1
Project("{FAE04EC0-301F-11D3-BF4B-00C04F79EFBC}") = "Shopping", "Shopping\Shopping.csproj", "{4F19C89A-FAA2-4510-AA1D-2A528B21FFA3}"
EndProject
Global
	GlobalSection(SolutionConfigurationPlatforms) = preSolution
		Debug|Any CPU = Debug|Any CPU
		Release|Any CPU = Release|Any CPU
	EndGlobalSection
	GlobalSection(ProjectConfigurationPlatforms) = postSolution
		{4F19C89A-FAA2-4510-AA1D-2A528B21FFA3}.Debug|Any CPU.ActiveCfg = Debug|Any CPU
		{4F19C89A-FAA2-4510-AA1D-2A528B21FFA3}.Debug|Any CPU.Build.0 = Debug|Any CPU
		{4F19C89A-FAA2-4510-AA1D-2A528B21FFA3}.Release|Any CPU.ActiveCfg = Release|Any CPU
		{4F19C89A-FAA2-4510-AA1D-2A528B21FFA3}.Release|Any CPU.Build.0 = Release|Any CPU
	EndGlobalSection
	GlobalSection(SolutionProperties) = preSolution
		HideSolutionNode = FALSE
	EndGlobalSection
	GlobalSection(ExtensibilityGlobals) = postSolution
		SolutionGuid = {8C3E2AF1-59C3-4A87-971F-BED08C9298E9}
	EndGlobalSection
EndGlobal
